// !$*UTF8*$!
{
	archiveVersion = 1;
	classes = {
	};
	objectVersion = 50;
	objects = {

/* Begin PBXBuildFile section */
		3813750720EDC50800685A83 /* AppDelegate.swift in Sources */ = {isa = PBXBuildFile; fileRef = 3813750620EDC50800685A83 /* AppDelegate.swift */; };
		3813750920EDC50800685A83 /* FirstViewController.swift in Sources */ = {isa = PBXBuildFile; fileRef = 3813750820EDC50800685A83 /* FirstViewController.swift */; };
		3813750B20EDC50800685A83 /* PeripheralModeViewController.swift in Sources */ = {isa = PBXBuildFile; fileRef = 3813750A20EDC50800685A83 /* PeripheralModeViewController.swift */; };
		3813750E20EDC50800685A83 /* Main.storyboard in Resources */ = {isa = PBXBuildFile; fileRef = 3813750C20EDC50800685A83 /* Main.storyboard */; };
		3813751020EDC50900685A83 /* Assets.xcassets in Resources */ = {isa = PBXBuildFile; fileRef = 3813750F20EDC50900685A83 /* Assets.xcassets */; };
		3813751320EDC50900685A83 /* LaunchScreen.storyboard in Resources */ = {isa = PBXBuildFile; fileRef = 3813751120EDC50900685A83 /* LaunchScreen.storyboard */; };
		3813751B20EDC84800685A83 /* CentralModeTableViewController.swift in Sources */ = {isa = PBXBuildFile; fileRef = 3813751A20EDC84800685A83 /* CentralModeTableViewController.swift */; };
		3813751D20EE1AEB00685A83 /* TalkingViewController.swift in Sources */ = {isa = PBXBuildFile; fileRef = 3813751C20EE1AEB00685A83 /* TalkingViewController.swift */; };
/* End PBXBuildFile section */

/* Begin PBXFileReference section */
		3813750320EDC50800685A83 /* MyBLE.app */ = {isa = PBXFileReference; explicitFileType = wrapper.application; includeInIndex = 0; path = MyBLE.app; sourceTree = BUILT_PRODUCTS_DIR; };
		3813750620EDC50800685A83 /* AppDelegate.swift */ = {isa = PBXFileReference; lastKnownFileType = sourcecode.swift; path = AppDelegate.swift; sourceTree = "<group>"; };
		3813750820EDC50800685A83 /* FirstViewController.swift */ = {isa = PBXFileReference; lastKnownFileType = sourcecode.swift; path = FirstViewController.swift; sourceTree = "<group>"; };
		3813750A20EDC50800685A83 /* PeripheralModeViewController.swift */ = {isa = PBXFileReference; lastKnownFileType = sourcecode.swift; path = PeripheralModeViewController.swift; sourceTree = "<group>"; };
		3813750D20EDC50800685A83 /* Base */ = {isa = PBXFileReference; lastKnownFileType = file.storyboard; name = Base; path = Base.lproj/Main.storyboard; sourceTree = "<group>"; };
		3813750F20EDC50900685A83 /* Assets.xcassets */ = {isa = PBXFileReference; lastKnownFileType = folder.assetcatalog; path = Assets.xcassets; sourceTree = "<group>"; };
		3813751220EDC50900685A83 /* Base */ = {isa = PBXFileReference; lastKnownFileType = file.storyboard; name = Base; path = Base.lproj/LaunchScreen.storyboard; sourceTree = "<group>"; };
		3813751420EDC50900685A83 /* Info.plist */ = {isa = PBXFileReference; lastKnownFileType = text.plist.xml; path = Info.plist; sourceTree = "<group>"; };
		3813751A20EDC84800685A83 /* CentralModeTableViewController.swift */ = {isa = PBXFileReference; lastKnownFileType = sourcecode.swift; path = CentralModeTableViewController.swift; sourceTree = "<group>"; };
		3813751C20EE1AEB00685A83 /* TalkingViewController.swift */ = {isa = PBXFileReference; lastKnownFileType = sourcecode.swift; path = TalkingViewController.swift; sourceTree = "<group>"; };
/* End PBXFileReference section */

/* Begin PBXFrameworksBuildPhase section */
		3813750020EDC50800685A83 /* Frameworks */ = {
			isa = PBXFrameworksBuildPhase;
			buildActionMask = 2147483647;
			files = (
			);
			runOnlyForDeploymentPostprocessing = 0;
		};
/* End PBXFrameworksBuildPhase section */

/* Begin PBXGroup section */
		381374FA20EDC50800685A83 = {
			isa = PBXGroup;
			children = (
				3813750520EDC50800685A83 /* MyBLE */,
				3813750420EDC50800685A83 /* Products */,
			);
			sourceTree = "<group>";
		};
		3813750420EDC50800685A83 /* Products */ = {
			isa = PBXGroup;
			children = (
				3813750320EDC50800685A83 /* MyBLE.app */,
			);
			name = Products;
			sourceTree = "<group>";
		};
		3813750520EDC50800685A83 /* MyBLE */ = {
			isa = PBXGroup;
			children = (
				3813750620EDC50800685A83 /* AppDelegate.swift */,
				3813750820EDC50800685A83 /* FirstViewController.swift */,
				3813750A20EDC50800685A83 /* PeripheralModeViewController.swift */,
				3813750C20EDC50800685A83 /* Main.storyboard */,
				3813751C20EE1AEB00685A83 /* TalkingViewController.swift */,
				3813751A20EDC84800685A83 /* CentralModeTableViewController.swift */,
				3813750F20EDC50900685A83 /* Assets.xcassets */,
				3813751120EDC50900685A83 /* LaunchScreen.storyboard */,
				3813751420EDC50900685A83 /* Info.plist */,
			);
			path = MyBLE;
			sourceTree = "<group>";
		};
/* End PBXGroup section */

/* Begin PBXNativeTarget section */
		3813750220EDC50800685A83 /* MyBLE */ = {
			isa = PBXNativeTarget;
			buildConfigurationList = 3813751720EDC50900685A83 /* Build configuration list for PBXNativeTarget "MyBLE" */;
			buildPhases = (
				381374FF20EDC50800685A83 /* Sources */,
				3813750020EDC50800685A83 /* Frameworks */,
				3813750120EDC50800685A83 /* Resources */,
			);
			buildRules = (
			);
			dependencies = (
			);
			name = MyBLE;
			productName = MyBLE;
			productReference = 3813750320EDC50800685A83 /* MyBLE.app */;
			productType = "com.apple.product-type.application";
		};
/* End PBXNativeTarget section */

/* Begin PBXProject section */
		381374FB20EDC50800685A83 /* Project object */ = {
			isa = PBXProject;
			attributes = {
				LastSwiftUpdateCheck = 0940;
				LastUpgradeCheck = 0940;
				ORGANIZATIONNAME = Jim;
				TargetAttributes = {
					3813750220EDC50800685A83 = {
						CreatedOnToolsVersion = 9.4.1;
						SystemCapabilities = {
							com.apple.BackgroundModes = {
								enabled = 1;
							};
						};
					};
				};
			};
			buildConfigurationList = 381374FE20EDC50800685A83 /* Build configuration list for PBXProject "MyBLE" */;
			compatibilityVersion = "Xcode 9.3";
			developmentRegion = en;
			hasScannedForEncodings = 0;
			knownRegions = (
				en,
				Base,
			);
			mainGroup = 381374FA20EDC50800685A83;
			productRefGroup = 3813750420EDC50800685A83 /* Products */;
			projectDirPath = "";
			projectRoot = "";
			targets = (
				3813750220EDC50800685A83 /* MyBLE */,
			);
		};
/* End PBXProject section */

/* Begin PBXResourcesBuildPhase section */
		3813750120EDC50800685A83 /* Resources */ = {
			isa = PBXResourcesBuildPhase;
			buildActionMask = 2147483647;
			files = (
				3813751320EDC50900685A83 /* LaunchScreen.storyboard in Resources */,
				3813751020EDC50900685A83 /* Assets.xcassets in Resources */,
				3813750E20EDC50800685A83 /* Main.storyboard in Resources */,
			);
			runOnlyForDeploymentPostprocessing = 0;
		};
/* End PBXResourcesBuildPhase section */

/* Begin PBXSourcesBuildPhase section */
		381374FF20EDC50800685A83 /* Sources */ = {
			isa = PBXSourcesBuildPhase;
			buildActionMask = 2147483647;
			files = (
				3813751B20EDC84800685A83 /* CentralModeTableViewController.swift in Sources */,
				3813750B20EDC50800685A83 /* PeripheralModeViewController.swift in Sources */,
				3813751D20EE1AEB00685A83 /* TalkingViewController.swift in Sources */,
				3813750720EDC50800685A83 /* AppDelegate.swift in Sources */,
				3813750920EDC50800685A83 /* FirstViewController.swift in Sources */,
			);
			runOnlyForDeploymentPostprocessing = 0;
		};
/* End PBXSourcesBuildPhase section */

/* Begin PBXVariantGroup section */
		3813750C20EDC50800685A83 /* Main.storyboard */ = {
			isa = PBXVariantGroup;
			children = (
				3813750D20EDC50800685A83 /* Base */,
			);
			name = Main.storyboard;
			sourceTree = "<group>";
		};
		3813751120EDC50900685A83 /* LaunchScreen.storyboard */ = {
			isa = PBXVariantGroup;
			children = (
				3813751220EDC50900685A83 /* Base */,
			);
			name = LaunchScreen.storyboard;
			sourceTree = "<group>";
		};
/* End PBXVariantGroup section */

/* Begin XCBuildConfiguration section */
		3813751520EDC50900685A83 /* Debug */ = {
			isa = XCBuildConfiguration;
			buildSettings = {
				ALWAYS_SEARCH_USER_PATHS = NO;
				CLANG_ANALYZER_NONNULL = YES;
				CLANG_ANALYZER_NUMBER_OBJECT_CONVERSION = YES_AGGRESSIVE;
				CLANG_CXX_LANGUAGE_STANDARD = "gnu++14";
				CLANG_CXX_LIBRARY = "libc++";
				CLANG_ENABLE_MODULES = YES;
				CLANG_ENABLE_OBJC_ARC = YES;
				CLANG_ENABLE_OBJC_WEAK = YES;
				CLANG_WARN_BLOCK_CAPTURE_AUTORELEASING = YES;
				CLANG_WARN_BOOL_CONVERSION = YES;
				CLANG_WARN_COMMA = YES;
				CLANG_WARN_CONSTANT_CONVERSION = YES;
				CLANG_WARN_DEPRECATED_OBJC_IMPLEMENTATIONS = YES;
				CLANG_WARN_DIRECT_OBJC_ISA_USAGE = YES_ERROR;
				CLANG_WARN_DOCUMENTATION_COMMENTS = YES;
				CLANG_WARN_EMPTY_BODY = YES;
				CLANG_WARN_ENUM_CONVERSION = YES;
				CLANG_WARN_INFINITE_RECURSION = YES;
				CLANG_WARN_INT_CONVERSION = YES;
				CLANG_WARN_NON_LITERAL_NULL_CONVERSION = YES;
				CLANG_WARN_OBJC_IMPLICIT_RETAIN_SELF = YES;
				CLANG_WARN_OBJC_LITERAL_CONVERSION = YES;
				CLANG_WARN_OBJC_ROOT_CLASS = YES_ERROR;
				CLANG_WARN_RANGE_LOOP_ANALYSIS = YES;
				CLANG_WARN_STRICT_PROTOTYPES = YES;
				CLANG_WARN_SUSPICIOUS_MOVE = YES;
				CLANG_WARN_UNGUARDED_AVAILABILITY = YES_AGGRESSIVE;
				CLANG_WARN_UNREACHABLE_CODE = YES;
				CLANG_WARN__DUPLICATE_METHOD_MATCH = YES;
				CODE_SIGN_IDENTITY = "iPhone Developer";
				COPY_PHASE_STRIP = NO;
				DEBUG_INFORMATION_FORMAT = dwarf;
				ENABLE_STRICT_OBJC_MSGSEND = YES;
				ENABLE_TESTABILITY = YES;
				GCC_C_LANGUAGE_STANDARD = gnu11;
				GCC_DYNAMIC_NO_PIC = NO;
				GCC_NO_COMMON_BLOCKS = YES;
				GCC_OPTIMIZATION_LEVEL = 0;
				GCC_PREPROCESSOR_DEFINITIONS = (
					"DEBUG=1",
					"$(inherited)",
				);
				GCC_WARN_64_TO_32_BIT_CONVERSION = YES;
				GCC_WARN_ABOUT_RETURN_TYPE = YES_ERROR;
				GCC_WARN_UNDECLARED_SELECTOR = YES;
				GCC_WARN_UNINITIALIZED_AUTOS = YES_AGGRESSIVE;
				GCC_WARN_UNUSED_FUNCTION = YES;
				GCC_WARN_UNUSED_VARIABLE = YES;
				IPHONEOS_DEPLOYMENT_TARGET = 11.4;
				MTL_ENABLE_DEBUG_INFO = YES;
				ONLY_ACTIVE_ARCH = YES;
				SDKROOT = iphoneos;
				SWIFT_ACTIVE_COMPILATION_CONDITIONS = DEBUG;
				SWIFT_OPTIMIZATION_LEVEL = "-Onone";
			};
			name = Debug;
		};
		3813751620EDC50900685A83 /* Release */ = {
			isa = XCBuildConfiguration;
			buildSettings = {
				ALWAYS_SEARCH_USER_PATHS = NO;
				CLANG_ANALYZER_NONNULL = YES;
				CLANG_ANALYZER_NUMBER_OBJECT_CONVERSION = YES_AGGRESSIVE;
				CLANG_CXX_LANGUAGE_STANDARD = "gnu++14";
				CLANG_CXX_LIBRARY = "libc++";
				CLANG_ENABLE_MODULES = YES;
				CLANG_ENABLE_OBJC_ARC = YES;
				CLANG_ENABLE_OBJC_WEAK = YES;
				CLANG_WARN_BLOCK_CAPTURE_AUTORELEASING = YES;
				CLANG_WARN_BOOL_CONVERSION = YES;
				CLANG_WARN_COMMA = YES;
				CLANG_WARN_CONSTANT_CONVERSION = YES;
				CLANG_WARN_DEPRECATED_OBJC_IMPLEMENTATIONS = YES;
				CLANG_WARN_DIRECT_OBJC_ISA_USAGE = YES_ERROR;
				CLANG_WARN_DOCUMENTATION_COMMENTS = YES;
				CLANG_WARN_EMPTY_BODY = YES;
				CLANG_WARN_ENUM_CONVERSION = YES;
				CLANG_WARN_INFINITE_RECURSION = YES;
				CLANG_WARN_INT_CONVERSION = YES;
				CLANG_WARN_NON_LITERAL_NULL_CONVERSION = YES;
				CLANG_WARN_OBJC_IMPLICIT_RETAIN_SELF = YES;
				CLANG_WARN_OBJC_LITERAL_CONVERSION = YES;
				CLANG_WARN_OBJC_ROOT_CLASS = YES_ERROR;
				CLANG_WARN_RANGE_LOOP_ANALYSIS = YES;
				CLANG_WARN_STRICT_PROTOTYPES = YES;
				CLANG_WARN_SUSPICIOUS_MOVE = YES;
				CLANG_WARN_UNGUARDED_AVAILABILITY = YES_AGGRESSIVE;
				CLANG_WARN_UNREACHABLE_CODE = YES;
				CLANG_WARN__DUPLICATE_METHOD_MATCH = YES;
				CODE_SIGN_IDENTITY = "iPhone Developer";
				COPY_PHASE_STRIP = NO;
				DEBUG_INFORMATION_FORMAT = "dwarf-with-dsym";
				ENABLE_NS_ASSERTIONS = NO;
				ENABLE_STRICT_OBJC_MSGSEND = YES;
				GCC_C_LANGUAGE_STANDARD = gnu11;
				GCC_NO_COMMON_BLOCKS = YES;
				GCC_WARN_64_TO_32_BIT_CONVERSION = YES;
				GCC_WARN_ABOUT_RETURN_TYPE = YES_ERROR;
				GCC_WARN_UNDECLARED_SELECTOR = YES;
				GCC_WARN_UNINITIALIZED_AUTOS = YES_AGGRESSIVE;
				GCC_WARN_UNUSED_FUNCTION = YES;
				GCC_WARN_UNUSED_VARIABLE = YES;
				IPHONEOS_DEPLOYMENT_TARGET = 11.4;
				MTL_ENABLE_DEBUG_INFO = NO;
				SDKROOT = iphoneos;
				SWIFT_COMPILATION_MODE = wholemodule;
				SWIFT_OPTIMIZATION_LEVEL = "-O";
				VALIDATE_PRODUCT = YES;
			};
			name = Release;
		};
		3813751820EDC50900685A83 /* Debug */ = {
			isa = XCBuildConfiguration;
			buildSettings = {
				ASSETCATALOG_COMPILER_APPICON_NAME = AppIcon;
				CODE_SIGN_STYLE = Automatic;
				DEVELOPMENT_TEAM = 5LFNW732DV;
				INFOPLIST_FILE = MyBLE/Info.plist;
				IPHONEOS_DEPLOYMENT_TARGET = 11.3;
				LD_RUNPATH_SEARCH_PATHS = (
					"$(inherited)",
					"@executable_path/Frameworks",
				);
				PRODUCT_BUNDLE_IDENTIFIER = jim.MyBLE;
				PRODUCT_NAME = "$(TARGET_NAME)";
				SWIFT_VERSION = 4.0;
				TARGETED_DEVICE_FAMILY = "1,2";
			};
			name = Debug;
		};
		3813751920EDC50900685A83 /* Release */ = {
			isa = XCBuildConfiguration;
			buildSettings = {
				ASSETCATALOG_COMPILER_APPICON_NAME = AppIcon;
				CODE_SIGN_STYLE = Automatic;
				DEVELOPMENT_TEAM = 5LFNW732DV;
				INFOPLIST_FILE = MyBLE/Info.plist;
				IPHONEOS_DEPLOYMENT_TARGET = 11.3;
				LD_RUNPATH_SEARCH_PATHS = (
					"$(inherited)",
					"@executable_path/Frameworks",
				);
				PRODUCT_BUNDLE_IDENTIFIER = jim.MyBLE;
				PRODUCT_NAME = "$(TARGET_NAME)";
				SWIFT_VERSION = 4.0;
				TARGETED_DEVICE_FAMILY = "1,2";
			};
			name = Release;
		};
/* End XCBuildConfiguration section */

/* Begin XCConfigurationList section */
		381374FE20EDC50800685A83 /* Build configuration list for PBXProject "MyBLE" */ = {
			isa = XCConfigurationList;
			buildConfigurations = (
				3813751520EDC50900685A83 /* Debug */,
				3813751620EDC50900685A83 /* Release */,
			);
			defaultConfigurationIsVisible = 0;
			defaultConfigurationName = Release;
		};
		3813751720EDC50900685A83 /* Build configuration list for PBXNativeTarget "MyBLE" */ = {
			isa = XCConfigurationList;
			buildConfigurations = (
				3813751820EDC50900685A83 /* Debug */,
				3813751920EDC50900685A83 /* Release */,
			);
			defaultConfigurationIsVisible = 0;
			defaultConfigurationName = Release;
		};
/* End XCConfigurationList section */
	};
	rootObject = 381374FB20EDC50800685A83 /* Project object */;
}
